
Microsoft Visual Studio Solution File, Format Version 12.00
# Visual Studio Version 17
VisualStudioVersion = 17.12.35707.178 d17.12
MinimumVisualStudioVersion = 10.0.40219.1
Project("{FAE04EC0-301F-11D3-BF4B-00C04F79EFBC}") = "MuhtarOtomasyon.API", "MuhtarOtomasyon.API\MuhtarOtomasyon.API.csproj", "{089FDF55-CCA7-4125-B926-EA7CC2212F5D}"
EndProject
Global
	GlobalSection(SolutionConfigurationPlatforms) = preSolution
		Debug|Any CPU = Debug|Any CPU
		Release|Any CPU = Release|Any CPU
	EndGlobalSection
	GlobalSection(ProjectConfigurationPlatforms) = postSolution
		{089FDF55-CCA7-4125-B926-EA7CC2212F5D}.Debug|Any CPU.ActiveCfg = Debug|Any CPU
		{089FDF55-CCA7-4125-B926-EA7CC2212F5D}.Debug|Any CPU.Build.0 = Debug|Any CPU
		{089FDF55-CCA7-4125-B926-EA7CC2212F5D}.Release|Any CPU.ActiveCfg = Release|Any CPU
		{089FDF55-CCA7-4125-B926-EA7CC2212F5D}.Release|Any CPU.Build.0 = Release|Any CPU
	EndGlobalSection
	GlobalSection(SolutionProperties) = preSolution
		HideSolutionNode = FALSE
	EndGlobalSection
EndGlobal
